// !$*UTF8*$!
{
	archiveVersion = 1;
	classes = {
	};
	objectVersion = 46;
	objects = {

/* Begin PBXAggregateTarget section */
		45C75EAE0768494F842A21DA /* ZERO_CHECK */ = {
			isa = PBXAggregateTarget;
			buildConfigurationList = 0F49466A3C174BF390FB3E1D /* Build configuration list for PBXAggregateTarget "ZERO_CHECK" */;
			buildPhases = (
				0854D87F7074B0183B959432 /* Generate CMakeFiles/ZERO_CHECK */,
			);
			dependencies = (
			);
			name = ZERO_CHECK;
			productName = ZERO_CHECK;
		};
		744B6BC962CD43C694CE0682 /* ALL_BUILD */ = {
			isa = PBXAggregateTarget;
			buildConfigurationList = C1D40DD40C37413EB165A551 /* Build configuration list for PBXAggregateTarget "ALL_BUILD" */;
			buildPhases = (
				93DA3323EB737D892E5ED02B /* Generate CMakeFiles/ALL_BUILD */,
			);
			dependencies = (
				93D01EF9DB1A4EB69EBE0BB8 /* PBXTargetDependency */,
				A33DCEA84E3F4680AAFD411B /* PBXTargetDependency */,
			);
			name = ALL_BUILD;
			productName = ALL_BUILD;
		};
		87CAD5BEA2094FA1AEC2F95F /* install */ = {
			isa = PBXAggregateTarget;
			buildConfigurationList = BD2805079D034D0DBFA4F949 /* Build configuration list for PBXAggregateTarget "install" */;
			buildPhases = (
				93426DA6A4AC2C2AC9CE883C /* CMake PostBuild Rules */,
			);
			dependencies = (
				2FE8C002D97B49528136D6CD /* PBXTargetDependency */,
			);
			name = install;
			productName = install;
		};
/* End PBXAggregateTarget section */

/* Begin PBXBuildFile section */
		067619B6EF444B7D8DF951C4 /* /Users/franky/documents/github/wyy/src/obclient/CMakeLists.txt */ = {isa = PBXBuildFile; fileRef = 28267B44B1E7458F9627D7F7 /* /Users/franky/documents/github/wyy/src/obclient/CMakeLists.txt */; };
		55F1C56BDF654BA99B9CADBC /* /Users/franky/documents/github/wyy/src/obclient/client.cpp */ = {isa = PBXBuildFile; fileRef = A82CF66EB6AA424FB3CB323B /* /Users/franky/documents/github/wyy/src/obclient/client.cpp */; };
/* End PBXBuildFile section */

/* Begin PBXBuildStyle section */
		531C7CCEB4F94347B7487431 /* Release */ = {
			isa = PBXBuildStyle;
			buildSettings = {
				COPY_PHASE_STRIP = NO;
			};
			name = Release;
		};
		59624D0172994E78BEDCECAA /* MinSizeRel */ = {
			isa = PBXBuildStyle;
			buildSettings = {
				COPY_PHASE_STRIP = NO;
			};
			name = MinSizeRel;
		};
		C2B662A6512746F8A7FD3156 /* RelWithDebInfo */ = {
			isa = PBXBuildStyle;
			buildSettings = {
				COPY_PHASE_STRIP = NO;
			};
			name = RelWithDebInfo;
		};
		FAD8AAD73F504D139D440CAE /* Debug */ = {
			isa = PBXBuildStyle;
			buildSettings = {
				COPY_PHASE_STRIP = NO;
			};
			name = Debug;
		};
/* End PBXBuildStyle section */

/* Begin PBXContainerItemProxy section */
		625C3528B0D046769F4690BA /* PBXContainerItemProxy */ = {
			isa = PBXContainerItemProxy;
			containerPortal = EFB0157D92C642628AFC5823 /* Project object */;
			proxyType = 1;
			remoteGlobalIDString = 744B6BC962CD43C694CE0682;
			remoteInfo = ALL_BUILD;
		};
		75EACF226A7044909E76B2E7 /* PBXContainerItemProxy */ = {
			isa = PBXContainerItemProxy;
			containerPortal = EFB0157D92C642628AFC5823 /* Project object */;
			proxyType = 1;
			remoteGlobalIDString = 45C75EAE0768494F842A21DA;
			remoteInfo = ZERO_CHECK;
		};
		D61C531629804373BEF05FEA /* PBXContainerItemProxy */ = {
			isa = PBXContainerItemProxy;
			containerPortal = EFB0157D92C642628AFC5823 /* Project object */;
			proxyType = 1;
			remoteGlobalIDString = 45C75EAE0768494F842A21DA;
			remoteInfo = ZERO_CHECK;
		};
		F4BE39AD7AAB4C1192045C32 /* PBXContainerItemProxy */ = {
			isa = PBXContainerItemProxy;
			containerPortal = EFB0157D92C642628AFC5823 /* Project object */;
			proxyType = 1;
			remoteGlobalIDString = B8BF4B347928417AA24F9A9D;
			remoteInfo = obclient;
		};
/* End PBXContainerItemProxy section */

/* Begin PBXFileReference section */
		28267B44B1E7458F9627D7F7 /* /Users/franky/documents/github/wyy/src/obclient/CMakeLists.txt */ = {isa = PBXFileReference; explicitFileType = sourcecode.text; fileEncoding = 4; name = CMakeLists.txt; path = CMakeLists.txt; sourceTree = SOURCE_ROOT; };
		4F38F971AC40444897FD1A50 /* /Users/franky/documents/github/wyy/src/obclient/CMakeLists.txt */ = {isa = PBXFileReference; explicitFileType = sourcecode.text; fileEncoding = 4; name = CMakeLists.txt; path = CMakeLists.txt; sourceTree = SOURCE_ROOT; };
		A82CF66EB6AA424FB3CB323B /* /Users/franky/documents/github/wyy/src/obclient/client.cpp */ = {isa = PBXFileReference; explicitFileType = sourcecode.cpp.cpp; fileEncoding = 4; name = client.cpp; path = client.cpp; sourceTree = SOURCE_ROOT; };
		BDD2FDEAE8C24F3483DCAB5B /* obclient */ = {isa = PBXFileReference; explicitFileType = "compiled.mach-o.executable"; path = obclient; sourceTree = BUILT_PRODUCTS_DIR; };
/* End PBXFileReference section */

/* Begin PBXFrameworksBuildPhase section */
		BF2A42ECCB57429888513956 /* Frameworks */ = {
			isa = PBXFrameworksBuildPhase;
			buildActionMask = 2147483647;
			files = (
			);
			runOnlyForDeploymentPostprocessing = 0;
		};
/* End PBXFrameworksBuildPhase section */

/* Begin PBXGroup section */
		06937686CDFC479A8CED66F5 /* ALL_BUILD */ = {
			isa = PBXGroup;
			children = (
				F7EEE24A42234056847A0AE1 /* CMake Rules */,
				4F38F971AC40444897FD1A50 /* /Users/franky/documents/github/wyy/src/obclient/CMakeLists.txt */,
			);
			name = ALL_BUILD;
			sourceTree = "<group>";
		};
		2101AC0D6D0A4DB49028A3FF /* Frameworks */ = {
			isa = PBXGroup;
			children = (
			);
			name = Frameworks;
			sourceTree = "<group>";
		};
		228D6A3654D34FCC9CFF325F /* Source Files */ = {
			isa = PBXGroup;
			children = (
				A82CF66EB6AA424FB3CB323B /* /Users/franky/documents/github/wyy/src/obclient/client.cpp */,
			);
			name = "Source Files";
			sourceTree = "<group>";
		};
		2D06A954964249EA992873CD = {
			isa = PBXGroup;
			children = (
				74A883352FFD49A09CCC882F /* obclient */,
				06937686CDFC479A8CED66F5 /* ALL_BUILD */,
				37BA73E22810417AAEA0C74D /* Products */,
				2101AC0D6D0A4DB49028A3FF /* Frameworks */,
			);
			sourceTree = "<group>";
		};
		37BA73E22810417AAEA0C74D /* Products */ = {
			isa = PBXGroup;
			children = (
				BDD2FDEAE8C24F3483DCAB5B /* obclient */,
			);
			name = Products;
			sourceTree = "<group>";
		};
		74A883352FFD49A09CCC882F /* obclient */ = {
			isa = PBXGroup;
			children = (
				228D6A3654D34FCC9CFF325F /* Source Files */,
				28267B44B1E7458F9627D7F7 /* /Users/franky/documents/github/wyy/src/obclient/CMakeLists.txt */,
			);
			name = obclient;
			sourceTree = "<group>";
		};
		F7EEE24A42234056847A0AE1 /* CMake Rules */ = {
			isa = PBXGroup;
			children = (
			);
			name = "CMake Rules";
			sourceTree = "<group>";
		};
/* End PBXGroup section */

/* Begin PBXNativeTarget section */
		B8BF4B347928417AA24F9A9D /* obclient */ = {
			isa = PBXNativeTarget;
			buildConfigurationList = B41CDF6D586B403282D500A6 /* Build configuration list for PBXNativeTarget "obclient" */;
			buildPhases = (
				C2E92D5F0FCB46B990D30193 /* Sources */,
				BF2A42ECCB57429888513956 /* Frameworks */,
			);
			buildRules = (
			);
			dependencies = (
				AF71D548B72546878F419BF1 /* PBXTargetDependency */,
			);
			name = obclient;
			productName = obclient;
			productReference = BDD2FDEAE8C24F3483DCAB5B /* obclient */;
			productType = "com.apple.product-type.tool";
		};
/* End PBXNativeTarget section */

/* Begin PBXProject section */
		EFB0157D92C642628AFC5823 /* Project object */ = {
			isa = PBXProject;
			attributes = {
				BuildIndependentTargetsInParallel = YES;
				LastUpgradeCheck = 1310;
			};
			buildConfigurationList = B53A36ED07B549A28FCD41E5 /* Build configuration list for PBXProject "obclient" */;
			buildSettings = {
			};
			buildStyles = (
				FAD8AAD73F504D139D440CAE /* Debug */,
				531C7CCEB4F94347B7487431 /* Release */,
				59624D0172994E78BEDCECAA /* MinSizeRel */,
				C2B662A6512746F8A7FD3156 /* RelWithDebInfo */,
			);
			compatibilityVersion = "Xcode 3.2";
			hasScannedForEncodings = 0;
			mainGroup = 2D06A954964249EA992873CD;
			projectDirPath = .;
			projectRoot = "";
			targets = (
				744B6BC962CD43C694CE0682 /* ALL_BUILD */,
				45C75EAE0768494F842A21DA /* ZERO_CHECK */,
				87CAD5BEA2094FA1AEC2F95F /* install */,
				B8BF4B347928417AA24F9A9D /* obclient */,
			);
		};
/* End PBXProject section */

/* Begin PBXShellScriptBuildPhase section */
		0854D87F7074B0183B959432 /* Generate CMakeFiles/ZERO_CHECK */ = {
			isa = PBXShellScriptBuildPhase;
			alwaysOutOfDate = 1;
			buildActionMask = 2147483647;
			files = (
			);
			inputPaths = (
			);
			name = "Generate CMakeFiles/ZERO_CHECK";
			outputPaths = (
/Users/franky/documents/github/wyy/src/obclient/CMakeFiles/ZERO_CHECK			);
			runOnlyForDeploymentPostprocessing = 0;
			shellPath = /bin/sh;
			shellScript = "set -e
if test \"$CONFIGURATION\" = \"Debug\"; then :
  cd /Users/franky/documents/github/wyy/src/obclient
  make -f /Users/franky/documents/github/wyy/src/obclient/CMakeScripts/ReRunCMake.make
fi
if test \"$CONFIGURATION\" = \"Release\"; then :
  cd /Users/franky/documents/github/wyy/src/obclient
  make -f /Users/franky/documents/github/wyy/src/obclient/CMakeScripts/ReRunCMake.make
fi
if test \"$CONFIGURATION\" = \"MinSizeRel\"; then :
  cd /Users/franky/documents/github/wyy/src/obclient
  make -f /Users/franky/documents/github/wyy/src/obclient/CMakeScripts/ReRunCMake.make
fi
if test \"$CONFIGURATION\" = \"RelWithDebInfo\"; then :
  cd /Users/franky/documents/github/wyy/src/obclient
  make -f /Users/franky/documents/github/wyy/src/obclient/CMakeScripts/ReRunCMake.make
fi
";
			showEnvVarsInLog = 0;
		};
		3C0110FC8322DE7E50886E21 = {
			isa = PBXShellScriptBuildPhase;
			buildActionMask = 2147483647;
			files = (
			);
			inputPaths = (
			);
			outputPaths = (
			);
			runOnlyForDeploymentPostprocessing = 0;
			shellPath = /bin/sh;
			shellScript = "# shell script goes here
exit 0";
			showEnvVarsInLog = 0;
		};
		87AF4882E018677E2624B544 = {
			isa = PBXShellScriptBuildPhase;
			buildActionMask = 2147483647;
			files = (
			);
			inputPaths = (
			);
			outputPaths = (
			);
			runOnlyForDeploymentPostprocessing = 0;
			shellPath = /bin/sh;
			shellScript = "# shell script goes here
exit 0";
			showEnvVarsInLog = 0;
		};
		93426DA6A4AC2C2AC9CE883C /* CMake PostBuild Rules */ = {
			isa = PBXShellScriptBuildPhase;
			alwaysOutOfDate = 1;
			buildActionMask = 2147483647;
			files = (
			);
			name = "CMake PostBuild Rules";
			outputPaths = (
			);
			runOnlyForDeploymentPostprocessing = 0;
			shellPath = /bin/sh;
			shellScript = "set -e
if test \"$CONFIGURATION\" = \"Debug\"; then :
  cd /Users/franky/documents/github/wyy/src/obclient
  /Applications/CMake.app/Contents/bin/cmake -DBUILD_TYPE=$CONFIGURATION$EFFECTIVE_PLATFORM_NAME -P cmake_install.cmake
fi
if test \"$CONFIGURATION\" = \"Release\"; then :
  cd /Users/franky/documents/github/wyy/src/obclient
  /Applications/CMake.app/Contents/bin/cmake -DBUILD_TYPE=$CONFIGURATION$EFFECTIVE_PLATFORM_NAME -P cmake_install.cmake
fi
if test \"$CONFIGURATION\" = \"MinSizeRel\"; then :
  cd /Users/franky/documents/github/wyy/src/obclient
  /Applications/CMake.app/Contents/bin/cmake -DBUILD_TYPE=$CONFIGURATION$EFFECTIVE_PLATFORM_NAME -P cmake_install.cmake
fi
if test \"$CONFIGURATION\" = \"RelWithDebInfo\"; then :
  cd /Users/franky/documents/github/wyy/src/obclient
  /Applications/CMake.app/Contents/bin/cmake -DBUILD_TYPE=$CONFIGURATION$EFFECTIVE_PLATFORM_NAME -P cmake_install.cmake
fi
";
			showEnvVarsInLog = 0;
		};
		93DA3323EB737D892E5ED02B /* Generate CMakeFiles/ALL_BUILD */ = {
			isa = PBXShellScriptBuildPhase;
			alwaysOutOfDate = 1;
			buildActionMask = 2147483647;
			files = (
			);
			inputPaths = (
			);
			name = "Generate CMakeFiles/ALL_BUILD";
			outputPaths = (
/Users/franky/documents/github/wyy/src/obclient/CMakeFiles/ALL_BUILD			);
			runOnlyForDeploymentPostprocessing = 0;
			shellPath = /bin/sh;
			shellScript = "set -e
if test \"$CONFIGURATION\" = \"Debug\"; then :
  cd /Users/franky/documents/github/wyy/src/obclient
  echo Build\\ all\\ projects
fi
if test \"$CONFIGURATION\" = \"Release\"; then :
  cd /Users/franky/documents/github/wyy/src/obclient
  echo Build\\ all\\ projects
fi
if test \"$CONFIGURATION\" = \"MinSizeRel\"; then :
  cd /Users/franky/documents/github/wyy/src/obclient
  echo Build\\ all\\ projects
fi
if test \"$CONFIGURATION\" = \"RelWithDebInfo\"; then :
  cd /Users/franky/documents/github/wyy/src/obclient
  echo Build\\ all\\ projects
fi
";
			showEnvVarsInLog = 0;
		};
		9B50530E35CC49C82C2FACCF = {
			isa = PBXShellScriptBuildPhase;
			buildActionMask = 2147483647;
			files = (
			);
			inputPaths = (
			);
			outputPaths = (
			);
			runOnlyForDeploymentPostprocessing = 0;
			shellPath = /bin/sh;
			shellScript = "# shell script goes here
exit 0";
			showEnvVarsInLog = 0;
		};
/* End PBXShellScriptBuildPhase section */

/* Begin PBXSourcesBuildPhase section */
		C2E92D5F0FCB46B990D30193 /* Sources */ = {
			isa = PBXSourcesBuildPhase;
			buildActionMask = 2147483647;
			files = (
				55F1C56BDF654BA99B9CADBC /* /Users/franky/documents/github/wyy/src/obclient/client.cpp */,
			);
			runOnlyForDeploymentPostprocessing = 0;
		};
/* End PBXSourcesBuildPhase section */

/* Begin PBXTargetDependency section */
		2FE8C002D97B49528136D6CD /* PBXTargetDependency */ = {
			isa = PBXTargetDependency;
			target = 744B6BC962CD43C694CE0682 /* ALL_BUILD */;
			targetProxy = 625C3528B0D046769F4690BA /* PBXContainerItemProxy */;
		};
		93D01EF9DB1A4EB69EBE0BB8 /* PBXTargetDependency */ = {
			isa = PBXTargetDependency;
			target = 45C75EAE0768494F842A21DA /* ZERO_CHECK */;
			targetProxy = 75EACF226A7044909E76B2E7 /* PBXContainerItemProxy */;
		};
		A33DCEA84E3F4680AAFD411B /* PBXTargetDependency */ = {
			isa = PBXTargetDependency;
			target = B8BF4B347928417AA24F9A9D /* obclient */;
			targetProxy = F4BE39AD7AAB4C1192045C32 /* PBXContainerItemProxy */;
		};
		AF71D548B72546878F419BF1 /* PBXTargetDependency */ = {
			isa = PBXTargetDependency;
			target = 45C75EAE0768494F842A21DA /* ZERO_CHECK */;
			targetProxy = D61C531629804373BEF05FEA /* PBXContainerItemProxy */;
		};
/* End PBXTargetDependency section */

/* Begin XCBuildConfiguration section */
		0781DCCFCA3A4C8BB4DCE748 /* Release */ = {
			isa = XCBuildConfiguration;
			buildSettings = {
				ARCHS = "$(NATIVE_ARCH_ACTUAL)";
				MACOSX_DEPLOYMENT_TARGET = 11.6;
				ONLY_ACTIVE_ARCH = YES;
				SDKROOT = /Applications/Xcode.app/Contents/Developer/Platforms/MacOSX.platform/Developer/SDKs/MacOSX12.0.sdk;
				SYMROOT = /Users/franky/documents/github/wyy/src/obclient/build;
			};
			name = Release;
		};
		0836A19C602E4FBBB48E4606 /* Release */ = {
			isa = XCBuildConfiguration;
			buildSettings = {
				COMBINE_HIDPI_IMAGES = YES;
				GCC_GENERATE_DEBUGGING_SYMBOLS = YES;
				GCC_INLINES_ARE_PRIVATE_EXTERN = NO;
				GCC_OPTIMIZATION_LEVEL = 0;
				GCC_PREPROCESSOR_DEFINITIONS = ("'CMAKE_INTDIR=\"$(CONFIGURATION)$(EFFECTIVE_PLATFORM_NAME)\"'","$(inherited)");
				GCC_SYMBOLS_PRIVATE_EXTERN = NO;
				INSTALL_PATH = "";
				OTHER_LDFLAGS = ("","$(inherited)");
				OTHER_REZFLAGS = "";
				PRODUCT_NAME = ZERO_CHECK;
				SECTORDER_FLAGS = "";
				SYMROOT = /Users/franky/documents/github/wyy/src/obclient;
				USE_HEADERMAP = NO;
				WARNING_CFLAGS = ("$(inherited)");
			};
			name = Release;
		};
		0BE931A4ED464709AAD644B8 /* RelWithDebInfo */ = {
			isa = XCBuildConfiguration;
			buildSettings = {
				COMBINE_HIDPI_IMAGES = YES;
				CONFIGURATION_BUILD_DIR = /Users/franky/documents/github/wyy/bin/RelWithDebInfo;
				EXECUTABLE_PREFIX = "";
				EXECUTABLE_SUFFIX = "";
				GCC_GENERATE_DEBUGGING_SYMBOLS = YES;
				GCC_INLINES_ARE_PRIVATE_EXTERN = NO;
				GCC_OPTIMIZATION_LEVEL = 2;
				GCC_PREPROCESSOR_DEFINITIONS = ("'CMAKE_INTDIR=\"$(CONFIGURATION)$(EFFECTIVE_PLATFORM_NAME)\"'",__MACH__,"$(inherited)");
				GCC_SYMBOLS_PRIVATE_EXTERN = NO;
				HEADER_SEARCH_PATHS = (/Users/franky/documents/github/wyy/src/obclient/.,/Users/franky/documents/github/wyy/src/obclient/../../deps,/usr/local/include,"$(inherited)");
				INSTALL_PATH = "";
				LD_RUNPATH_SEARCH_PATHS = ("/usr/local/lib /Users/franky/documents/github/wyy/src/obclient/../../lib /Users/franky/documents/github/wyy/lib/RelWithDebInfo","$(inherited)");
				LIBRARY_SEARCH_PATHS = ("/usr/local/lib/$(CONFIGURATION)$(EFFECTIVE_PLATFORM_NAME)",/usr/local/lib,"/Users/franky/documents/github/wyy/src/obclient/../../lib/$(CONFIGURATION)$(EFFECTIVE_PLATFORM_NAME)",/Users/franky/documents/github/wyy/src/obclient/../../lib,"$(inherited)");
				OTHER_CPLUSPLUSFLAGS = " -Wall -DCMAKE_EXPORT_COMPILE_COMMANDS=1                 -DNDEBUG '-std=gnu++14' ";
				OTHER_LDFLAGS = (" -Wl,-search_paths_first -Wl,-headerpad_max_install_names",/Users/franky/documents/github/wyy/lib/RelWithDebInfo/libcommon.1.0.0.dylib,"-lpthread","-ldl","$(inherited)");
				OTHER_REZFLAGS = "";
				PRODUCT_NAME = obclient;
				SECTORDER_FLAGS = "";
				SYMROOT = /Users/franky/documents/github/wyy/src/obclient;
				USE_HEADERMAP = NO;
				WARNING_CFLAGS = ("$(inherited)");
			};
			name = RelWithDebInfo;
		};
		238003A3E8A444918597157B /* Debug */ = {
			isa = XCBuildConfiguration;
			buildSettings = {
				COMBINE_HIDPI_IMAGES = YES;
				GCC_GENERATE_DEBUGGING_SYMBOLS = YES;
				GCC_INLINES_ARE_PRIVATE_EXTERN = NO;
				GCC_OPTIMIZATION_LEVEL = 0;
				GCC_PREPROCESSOR_DEFINITIONS = ("'CMAKE_INTDIR=\"$(CONFIGURATION)$(EFFECTIVE_PLATFORM_NAME)\"'","$(inherited)");
				GCC_SYMBOLS_PRIVATE_EXTERN = NO;
				INSTALL_PATH = "";
				OTHER_LDFLAGS = ("","$(inherited)");
				OTHER_REZFLAGS = "";
				PRODUCT_NAME = ALL_BUILD;
				SECTORDER_FLAGS = "";
				SYMROOT = /Users/franky/documents/github/wyy/src/obclient;
				USE_HEADERMAP = NO;
				WARNING_CFLAGS = ("$(inherited)");
			};
			name = Debug;
		};
		2F1FF07BB0E946E58FA0A1A3 /* MinSizeRel */ = {
			isa = XCBuildConfiguration;
			buildSettings = {
				COMBINE_HIDPI_IMAGES = YES;
				GCC_GENERATE_DEBUGGING_SYMBOLS = YES;
				GCC_INLINES_ARE_PRIVATE_EXTERN = NO;
				GCC_OPTIMIZATION_LEVEL = 0;
				GCC_PREPROCESSOR_DEFINITIONS = ("'CMAKE_INTDIR=\"$(CONFIGURATION)$(EFFECTIVE_PLATFORM_NAME)\"'","$(inherited)");
				GCC_SYMBOLS_PRIVATE_EXTERN = NO;
				INSTALL_PATH = "";
				OTHER_LDFLAGS = ("","$(inherited)");
				OTHER_REZFLAGS = "";
				PRODUCT_NAME = ZERO_CHECK;
				SECTORDER_FLAGS = "";
				SYMROOT = /Users/franky/documents/github/wyy/src/obclient;
				USE_HEADERMAP = NO;
				WARNING_CFLAGS = ("$(inherited)");
			};
			name = MinSizeRel;
		};
		31A04A4865894F2E8F7760B5 /* Release */ = {
			isa = XCBuildConfiguration;
			buildSettings = {
				COMBINE_HIDPI_IMAGES = YES;
				GCC_GENERATE_DEBUGGING_SYMBOLS = YES;
				GCC_INLINES_ARE_PRIVATE_EXTERN = NO;
				GCC_OPTIMIZATION_LEVEL = 0;
				GCC_PREPROCESSOR_DEFINITIONS = ("'CMAKE_INTDIR=\"$(CONFIGURATION)$(EFFECTIVE_PLATFORM_NAME)\"'","$(inherited)");
				GCC_SYMBOLS_PRIVATE_EXTERN = NO;
				INSTALL_PATH = "";
				OTHER_LDFLAGS = ("","$(inherited)");
				OTHER_REZFLAGS = "";
				PRODUCT_NAME = ALL_BUILD;
				SECTORDER_FLAGS = "";
				SYMROOT = /Users/franky/documents/github/wyy/src/obclient;
				USE_HEADERMAP = NO;
				WARNING_CFLAGS = ("$(inherited)");
			};
			name = Release;
		};
		45E34CAB72CE413A96EFA04B /* Release */ = {
			isa = XCBuildConfiguration;
			buildSettings = {
				COMBINE_HIDPI_IMAGES = YES;
				CONFIGURATION_BUILD_DIR = /Users/franky/documents/github/wyy/bin/Release;
				EXECUTABLE_PREFIX = "";
				EXECUTABLE_SUFFIX = "";
				GCC_GENERATE_DEBUGGING_SYMBOLS = YES;
				GCC_INLINES_ARE_PRIVATE_EXTERN = NO;
				GCC_OPTIMIZATION_LEVEL = 3;
				GCC_PREPROCESSOR_DEFINITIONS = ("'CMAKE_INTDIR=\"$(CONFIGURATION)$(EFFECTIVE_PLATFORM_NAME)\"'",__MACH__,"$(inherited)");
				GCC_SYMBOLS_PRIVATE_EXTERN = NO;
				HEADER_SEARCH_PATHS = (/Users/franky/documents/github/wyy/src/obclient/.,/Users/franky/documents/github/wyy/src/obclient/../../deps,/usr/local/include,"$(inherited)");
				INSTALL_PATH = "";
				LD_RUNPATH_SEARCH_PATHS = ("/usr/local/lib /Users/franky/documents/github/wyy/src/obclient/../../lib /Users/franky/documents/github/wyy/lib/Release","$(inherited)");
				LIBRARY_SEARCH_PATHS = ("/usr/local/lib/$(CONFIGURATION)$(EFFECTIVE_PLATFORM_NAME)",/usr/local/lib,"/Users/franky/documents/github/wyy/src/obclient/../../lib/$(CONFIGURATION)$(EFFECTIVE_PLATFORM_NAME)",/Users/franky/documents/github/wyy/src/obclient/../../lib,"$(inherited)");
				OTHER_CPLUSPLUSFLAGS = " -Wall -DCMAKE_EXPORT_COMPILE_COMMANDS=1              -DNDEBUG '-std=gnu++14' ";
				OTHER_LDFLAGS = (" -Wl,-search_paths_first -Wl,-headerpad_max_install_names",/Users/franky/documents/github/wyy/lib/Release/libcommon.1.0.0.dylib,"-lpthread","-ldl","$(inherited)");
				OTHER_REZFLAGS = "";
				PRODUCT_NAME = obclient;
				SECTORDER_FLAGS = "";
				SYMROOT = /Users/franky/documents/github/wyy/src/obclient;
				USE_HEADERMAP = NO;
				WARNING_CFLAGS = ("$(inherited)");
			};
			name = Release;
		};
		5042A29B48FE429A8B892267 /* RelWithDebInfo */ = {
			isa = XCBuildConfiguration;
			buildSettings = {
				ARCHS = "$(NATIVE_ARCH_ACTUAL)";
				MACOSX_DEPLOYMENT_TARGET = 11.6;
				ONLY_ACTIVE_ARCH = YES;
				SDKROOT = /Applications/Xcode.app/Contents/Developer/Platforms/MacOSX.platform/Developer/SDKs/MacOSX12.0.sdk;
				SYMROOT = /Users/franky/documents/github/wyy/src/obclient/build;
			};
			name = RelWithDebInfo;
		};
		5509DDBE8DD545879EAB2EB1 /* Debug */ = {
			isa = XCBuildConfiguration;
			buildSettings = {
				COMBINE_HIDPI_IMAGES = YES;
				GCC_GENERATE_DEBUGGING_SYMBOLS = YES;
				GCC_INLINES_ARE_PRIVATE_EXTERN = NO;
				GCC_OPTIMIZATION_LEVEL = 0;
				GCC_PREPROCESSOR_DEFINITIONS = ("'CMAKE_INTDIR=\"$(CONFIGURATION)$(EFFECTIVE_PLATFORM_NAME)\"'","$(inherited)");
				GCC_SYMBOLS_PRIVATE_EXTERN = NO;
				INSTALL_PATH = "";
				OTHER_LDFLAGS = ("","$(inherited)");
				OTHER_REZFLAGS = "";
				PRODUCT_NAME = ZERO_CHECK;
				SECTORDER_FLAGS = "";
				SYMROOT = /Users/franky/documents/github/wyy/src/obclient;
				USE_HEADERMAP = NO;
				WARNING_CFLAGS = ("$(inherited)");
			};
			name = Debug;
		};
		560DB8DD8E9C470091A9DEA2 /* MinSizeRel */ = {
			isa = XCBuildConfiguration;
			buildSettings = {
				COMBINE_HIDPI_IMAGES = YES;
				GCC_GENERATE_DEBUGGING_SYMBOLS = YES;
				GCC_INLINES_ARE_PRIVATE_EXTERN = NO;
				GCC_OPTIMIZATION_LEVEL = 0;
				GCC_PREPROCESSOR_DEFINITIONS = ("'CMAKE_INTDIR=\"$(CONFIGURATION)$(EFFECTIVE_PLATFORM_NAME)\"'","$(inherited)");
				GCC_SYMBOLS_PRIVATE_EXTERN = NO;
				INSTALL_PATH = "";
				OTHER_LDFLAGS = ("","$(inherited)");
				OTHER_REZFLAGS = "";
				PRODUCT_NAME = install;
				SECTORDER_FLAGS = "";
				SYMROOT = /Users/franky/documents/github/wyy/src/obclient;
				USE_HEADERMAP = NO;
				WARNING_CFLAGS = ("$(inherited)");
			};
			name = MinSizeRel;
		};
		5AF80E5B530F41C68CA7EA23 /* MinSizeRel */ = {
			isa = XCBuildConfiguration;
			buildSettings = {
				ARCHS = "$(NATIVE_ARCH_ACTUAL)";
				MACOSX_DEPLOYMENT_TARGET = 11.6;
				ONLY_ACTIVE_ARCH = YES;
				SDKROOT = /Applications/Xcode.app/Contents/Developer/Platforms/MacOSX.platform/Developer/SDKs/MacOSX12.0.sdk;
				SYMROOT = /Users/franky/documents/github/wyy/src/obclient/build;
			};
			name = MinSizeRel;
		};
		6805578BBFDF4A379359F1BE /* Debug */ = {
			isa = XCBuildConfiguration;
			buildSettings = {
				ARCHS = "$(NATIVE_ARCH_ACTUAL)";
				MACOSX_DEPLOYMENT_TARGET = 11.6;
				ONLY_ACTIVE_ARCH = YES;
				SDKROOT = /Applications/Xcode.app/Contents/Developer/Platforms/MacOSX.platform/Developer/SDKs/MacOSX12.0.sdk;
				SYMROOT = /Users/franky/documents/github/wyy/src/obclient/build;
			};
			name = Debug;
		};
		6B4575B7301A45A699D8EB45 /* RelWithDebInfo */ = {
			isa = XCBuildConfiguration;
			buildSettings = {
				COMBINE_HIDPI_IMAGES = YES;
				GCC_GENERATE_DEBUGGING_SYMBOLS = YES;
				GCC_INLINES_ARE_PRIVATE_EXTERN = NO;
				GCC_OPTIMIZATION_LEVEL = 0;
				GCC_PREPROCESSOR_DEFINITIONS = ("'CMAKE_INTDIR=\"$(CONFIGURATION)$(EFFECTIVE_PLATFORM_NAME)\"'","$(inherited)");
				GCC_SYMBOLS_PRIVATE_EXTERN = NO;
				INSTALL_PATH = "";
				OTHER_LDFLAGS = ("","$(inherited)");
				OTHER_REZFLAGS = "";
				PRODUCT_NAME = install;
				SECTORDER_FLAGS = "";
				SYMROOT = /Users/franky/documents/github/wyy/src/obclient;
				USE_HEADERMAP = NO;
				WARNING_CFLAGS = ("$(inherited)");
			};
			name = RelWithDebInfo;
		};
		6E32F0E421464CA498BA4D3A /* RelWithDebInfo */ = {
			isa = XCBuildConfiguration;
			buildSettings = {
				COMBINE_HIDPI_IMAGES = YES;
				GCC_GENERATE_DEBUGGING_SYMBOLS = YES;
				GCC_INLINES_ARE_PRIVATE_EXTERN = NO;
				GCC_OPTIMIZATION_LEVEL = 0;
				GCC_PREPROCESSOR_DEFINITIONS = ("'CMAKE_INTDIR=\"$(CONFIGURATION)$(EFFECTIVE_PLATFORM_NAME)\"'","$(inherited)");
				GCC_SYMBOLS_PRIVATE_EXTERN = NO;
				INSTALL_PATH = "";
				OTHER_LDFLAGS = ("","$(inherited)");
				OTHER_REZFLAGS = "";
				PRODUCT_NAME = ALL_BUILD;
				SECTORDER_FLAGS = "";
				SYMROOT = /Users/franky/documents/github/wyy/src/obclient;
				USE_HEADERMAP = NO;
				WARNING_CFLAGS = ("$(inherited)");
			};
			name = RelWithDebInfo;
		};
		755D807C91BE4B5B88ED0F0D /* RelWithDebInfo */ = {
			isa = XCBuildConfiguration;
			buildSettings = {
				COMBINE_HIDPI_IMAGES = YES;
				GCC_GENERATE_DEBUGGING_SYMBOLS = YES;
				GCC_INLINES_ARE_PRIVATE_EXTERN = NO;
				GCC_OPTIMIZATION_LEVEL = 0;
				GCC_PREPROCESSOR_DEFINITIONS = ("'CMAKE_INTDIR=\"$(CONFIGURATION)$(EFFECTIVE_PLATFORM_NAME)\"'","$(inherited)");
				GCC_SYMBOLS_PRIVATE_EXTERN = NO;
				INSTALL_PATH = "";
				OTHER_LDFLAGS = ("","$(inherited)");
				OTHER_REZFLAGS = "";
				PRODUCT_NAME = ZERO_CHECK;
				SECTORDER_FLAGS = "";
				SYMROOT = /Users/franky/documents/github/wyy/src/obclient;
				USE_HEADERMAP = NO;
				WARNING_CFLAGS = ("$(inherited)");
			};
			name = RelWithDebInfo;
		};
		989D06A0277041FDB9165AD9 /* MinSizeRel */ = {
			isa = XCBuildConfiguration;
			buildSettings = {
				COMBINE_HIDPI_IMAGES = YES;
				CONFIGURATION_BUILD_DIR = /Users/franky/documents/github/wyy/bin/MinSizeRel;
				EXECUTABLE_PREFIX = "";
				EXECUTABLE_SUFFIX = "";
				GCC_GENERATE_DEBUGGING_SYMBOLS = YES;
				GCC_INLINES_ARE_PRIVATE_EXTERN = NO;
				GCC_OPTIMIZATION_LEVEL = s;
				GCC_PREPROCESSOR_DEFINITIONS = ("'CMAKE_INTDIR=\"$(CONFIGURATION)$(EFFECTIVE_PLATFORM_NAME)\"'",__MACH__,"$(inherited)");
				GCC_SYMBOLS_PRIVATE_EXTERN = NO;
				HEADER_SEARCH_PATHS = (/Users/franky/documents/github/wyy/src/obclient/.,/Users/franky/documents/github/wyy/src/obclient/../../deps,/usr/local/include,"$(inherited)");
				INSTALL_PATH = "";
				LD_RUNPATH_SEARCH_PATHS = ("/usr/local/lib /Users/franky/documents/github/wyy/src/obclient/../../lib /Users/franky/documents/github/wyy/lib/MinSizeRel","$(inherited)");
				LIBRARY_SEARCH_PATHS = ("/usr/local/lib/$(CONFIGURATION)$(EFFECTIVE_PLATFORM_NAME)",/usr/local/lib,"/Users/franky/documents/github/wyy/src/obclient/../../lib/$(CONFIGURATION)$(EFFECTIVE_PLATFORM_NAME)",/Users/franky/documents/github/wyy/src/obclient/../../lib,"$(inherited)");
				OTHER_CPLUSPLUSFLAGS = " -Wall -DCMAKE_EXPORT_COMPILE_COMMANDS=1              -DNDEBUG '-std=gnu++14' ";
				OTHER_LDFLAGS = (" -Wl,-search_paths_first -Wl,-headerpad_max_install_names",/Users/franky/documents/github/wyy/lib/MinSizeRel/libcommon.1.0.0.dylib,"-lpthread","-ldl","$(inherited)");
				OTHER_REZFLAGS = "";
				PRODUCT_NAME = obclient;
				SECTORDER_FLAGS = "";
				SYMROOT = /Users/franky/documents/github/wyy/src/obclient;
				USE_HEADERMAP = NO;
				WARNING_CFLAGS = ("$(inherited)");
			};
			name = MinSizeRel;
		};
		9A43774BF24D43988AECE169 /* MinSizeRel */ = {
			isa = XCBuildConfiguration;
			buildSettings = {
				COMBINE_HIDPI_IMAGES = YES;
				GCC_GENERATE_DEBUGGING_SYMBOLS = YES;
				GCC_INLINES_ARE_PRIVATE_EXTERN = NO;
				GCC_OPTIMIZATION_LEVEL = 0;
				GCC_PREPROCESSOR_DEFINITIONS = ("'CMAKE_INTDIR=\"$(CONFIGURATION)$(EFFECTIVE_PLATFORM_NAME)\"'","$(inherited)");
				GCC_SYMBOLS_PRIVATE_EXTERN = NO;
				INSTALL_PATH = "";
				OTHER_LDFLAGS = ("","$(inherited)");
				OTHER_REZFLAGS = "";
				PRODUCT_NAME = ALL_BUILD;
				SECTORDER_FLAGS = "";
				SYMROOT = /Users/franky/documents/github/wyy/src/obclient;
				USE_HEADERMAP = NO;
				WARNING_CFLAGS = ("$(inherited)");
			};
			name = MinSizeRel;
		};
		CB48E0949808448E9482DF32 /* Release */ = {
			isa = XCBuildConfiguration;
			buildSettings = {
				COMBINE_HIDPI_IMAGES = YES;
				GCC_GENERATE_DEBUGGING_SYMBOLS = YES;
				GCC_INLINES_ARE_PRIVATE_EXTERN = NO;
				GCC_OPTIMIZATION_LEVEL = 0;
				GCC_PREPROCESSOR_DEFINITIONS = ("'CMAKE_INTDIR=\"$(CONFIGURATION)$(EFFECTIVE_PLATFORM_NAME)\"'","$(inherited)");
				GCC_SYMBOLS_PRIVATE_EXTERN = NO;
				INSTALL_PATH = "";
				OTHER_LDFLAGS = ("","$(inherited)");
				OTHER_REZFLAGS = "";
				PRODUCT_NAME = install;
				SECTORDER_FLAGS = "";
				SYMROOT = /Users/franky/documents/github/wyy/src/obclient;
				USE_HEADERMAP = NO;
				WARNING_CFLAGS = ("$(inherited)");
			};
			name = Release;
		};
		E6B092004D494792BFD732DF /* Debug */ = {
			isa = XCBuildConfiguration;
			buildSettings = {
				COMBINE_HIDPI_IMAGES = YES;
				CONFIGURATION_BUILD_DIR = /Users/franky/documents/github/wyy/bin/Debug;
				EXECUTABLE_PREFIX = "";
				EXECUTABLE_SUFFIX = "";
				GCC_GENERATE_DEBUGGING_SYMBOLS = YES;
				GCC_INLINES_ARE_PRIVATE_EXTERN = NO;
				GCC_OPTIMIZATION_LEVEL = 2;
				GCC_PREPROCESSOR_DEFINITIONS = ("'CMAKE_INTDIR=\"$(CONFIGURATION)$(EFFECTIVE_PLATFORM_NAME)\"'",__MACH__,"$(inherited)");
				GCC_SYMBOLS_PRIVATE_EXTERN = NO;
				HEADER_SEARCH_PATHS = (/Users/franky/documents/github/wyy/src/obclient/.,/Users/franky/documents/github/wyy/src/obclient/../../deps,/usr/local/include,"$(inherited)");
				INSTALL_PATH = "";
				LD_RUNPATH_SEARCH_PATHS = ("/usr/local/lib /Users/franky/documents/github/wyy/src/obclient/../../lib /Users/franky/documents/github/wyy/lib/Debug","$(inherited)");
				LIBRARY_SEARCH_PATHS = ("/usr/local/lib/$(CONFIGURATION)$(EFFECTIVE_PLATFORM_NAME)",/usr/local/lib,"/Users/franky/documents/github/wyy/src/obclient/../../lib/$(CONFIGURATION)$(EFFECTIVE_PLATFORM_NAME)",/Users/franky/documents/github/wyy/src/obclient/../../lib,"$(inherited)");
				OTHER_CPLUSPLUSFLAGS = " -Wall -DCMAKE_EXPORT_COMPILE_COMMANDS=1             '-std=gnu++14' ";
				OTHER_LDFLAGS = (" -Wl,-search_paths_first -Wl,-headerpad_max_install_names",/Users/franky/documents/github/wyy/lib/Debug/libcommon.1.0.0.dylib,"-lpthread","-ldl","$(inherited)");
				OTHER_REZFLAGS = "";
				PRODUCT_NAME = obclient;
				SECTORDER_FLAGS = "";
				SYMROOT = /Users/franky/documents/github/wyy/src/obclient;
				USE_HEADERMAP = NO;
				WARNING_CFLAGS = ("$(inherited)");
			};
			name = Debug;
		};
		F39EA706EEC54B57A054957A /* Debug */ = {
			isa = XCBuildConfiguration;
			buildSettings = {
				COMBINE_HIDPI_IMAGES = YES;
				GCC_GENERATE_DEBUGGING_SYMBOLS = YES;
				GCC_INLINES_ARE_PRIVATE_EXTERN = NO;
				GCC_OPTIMIZATION_LEVEL = 0;
				GCC_PREPROCESSOR_DEFINITIONS = ("'CMAKE_INTDIR=\"$(CONFIGURATION)$(EFFECTIVE_PLATFORM_NAME)\"'","$(inherited)");
				GCC_SYMBOLS_PRIVATE_EXTERN = NO;
				INSTALL_PATH = "";
				OTHER_LDFLAGS = ("","$(inherited)");
				OTHER_REZFLAGS = "";
				PRODUCT_NAME = install;
				SECTORDER_FLAGS = "";
				SYMROOT = /Users/franky/documents/github/wyy/src/obclient;
				USE_HEADERMAP = NO;
				WARNING_CFLAGS = ("$(inherited)");
			};
			name = Debug;
		};
/* End XCBuildConfiguration section */

/* Begin XCConfigurationList section */
		0F49466A3C174BF390FB3E1D /* Build configuration list for PBXAggregateTarget "ZERO_CHECK" */ = {
			isa = XCConfigurationList;
			buildConfigurations = (
				5509DDBE8DD545879EAB2EB1 /* Debug */,
				0836A19C602E4FBBB48E4606 /* Release */,
				2F1FF07BB0E946E58FA0A1A3 /* MinSizeRel */,
				755D807C91BE4B5B88ED0F0D /* RelWithDebInfo */,
			);
			defaultConfigurationIsVisible = 0;
			defaultConfigurationName = Debug;
		};
		B41CDF6D586B403282D500A6 /* Build configuration list for PBXNativeTarget "obclient" */ = {
			isa = XCConfigurationList;
			buildConfigurations = (
				E6B092004D494792BFD732DF /* Debug */,
				45E34CAB72CE413A96EFA04B /* Release */,
				989D06A0277041FDB9165AD9 /* MinSizeRel */,
				0BE931A4ED464709AAD644B8 /* RelWithDebInfo */,
			);
			defaultConfigurationIsVisible = 0;
			defaultConfigurationName = Debug;
		};
		B53A36ED07B549A28FCD41E5 /* Build configuration list for PBXProject "obclient" */ = {
			isa = XCConfigurationList;
			buildConfigurations = (
				6805578BBFDF4A379359F1BE /* Debug */,
				0781DCCFCA3A4C8BB4DCE748 /* Release */,
				5AF80E5B530F41C68CA7EA23 /* MinSizeRel */,
				5042A29B48FE429A8B892267 /* RelWithDebInfo */,
			);
			defaultConfigurationIsVisible = 0;
			defaultConfigurationName = Debug;
		};
		BD2805079D034D0DBFA4F949 /* Build configuration list for PBXAggregateTarget "install" */ = {
			isa = XCConfigurationList;
			buildConfigurations = (
				F39EA706EEC54B57A054957A /* Debug */,
				CB48E0949808448E9482DF32 /* Release */,
				560DB8DD8E9C470091A9DEA2 /* MinSizeRel */,
				6B4575B7301A45A699D8EB45 /* RelWithDebInfo */,
			);
			defaultConfigurationIsVisible = 0;
			defaultConfigurationName = Debug;
		};
		C1D40DD40C37413EB165A551 /* Build configuration list for PBXAggregateTarget "ALL_BUILD" */ = {
			isa = XCConfigurationList;
			buildConfigurations = (
				238003A3E8A444918597157B /* Debug */,
				31A04A4865894F2E8F7760B5 /* Release */,
				9A43774BF24D43988AECE169 /* MinSizeRel */,
				6E32F0E421464CA498BA4D3A /* RelWithDebInfo */,
			);
			defaultConfigurationIsVisible = 0;
			defaultConfigurationName = Debug;
		};
/* End XCConfigurationList section */
	};
	rootObject = EFB0157D92C642628AFC5823 /* Project object */;
}
