// !$*UTF8*$!
{
	archiveVersion = 1;
	classes = {
	};
	objectVersion = 46;
	objects = {

/* Begin PBXAggregateTarget section */
		45C75EAE0768494F842A21DA /* ZERO_CHECK */ = {
			isa = PBXAggregateTarget;
			buildConfigurationList = 0A458E48727748C8ABCDC406 /* Build configuration list for PBXAggregateTarget "ZERO_CHECK" */;
			buildPhases = (
				1224E40168D3A13CC027E900 /* Generate CMakeFiles/ZERO_CHECK */,
			);
			dependencies = (
			);
			name = ZERO_CHECK;
			productName = ZERO_CHECK;
		};
		744B6BC962CD43C694CE0682 /* ALL_BUILD */ = {
			isa = PBXAggregateTarget;
			buildConfigurationList = E1F15F8086B24414814F1930 /* Build configuration list for PBXAggregateTarget "ALL_BUILD" */;
			buildPhases = (
				8526ED03D42A1AA616CDA595 /* Generate CMakeFiles/ALL_BUILD */,
			);
			dependencies = (
				8212D20C5F9B42FBB2FF2C7C /* PBXTargetDependency */,
				AB0F4BEB9E8347FD9059A74C /* PBXTargetDependency */,
			);
			name = ALL_BUILD;
			productName = ALL_BUILD;
		};
		87CAD5BEA2094FA1AEC2F95F /* install */ = {
			isa = PBXAggregateTarget;
			buildConfigurationList = 4D26B40DAEC047BD8B260A24 /* Build configuration list for PBXAggregateTarget "install" */;
			buildPhases = (
				93426DA6A4AC2C2AC9CE883C /* CMake PostBuild Rules */,
			);
			dependencies = (
				6154CC5D78AA434392AE6F99 /* PBXTargetDependency */,
			);
			name = install;
			productName = install;
		};
/* End PBXAggregateTarget section */

/* Begin PBXBuildFile section */
		290FE9AAF5DC4A7987B7F04E /* /Users/franky/documents/github/wyy/test/CMakeLists.txt */ = {isa = PBXBuildFile; fileRef = E7234EC8456D491398DF344E /* /Users/franky/documents/github/wyy/test/CMakeLists.txt */; };
		6C3379A114D14B9F8723AF18 /* /Users/franky/documents/github/wyy/test/client_performance_test.cpp */ = {isa = PBXBuildFile; fileRef = 97F6BD18889842B58B7B52F8 /* /Users/franky/documents/github/wyy/test/client_performance_test.cpp */; };
/* End PBXBuildFile section */

/* Begin PBXBuildStyle section */
		841A0A098D614E82B6CA6568 /* Debug */ = {
			isa = PBXBuildStyle;
			buildSettings = {
				COPY_PHASE_STRIP = NO;
			};
			name = Debug;
		};
		B590460F140A436BA5C660E2 /* MinSizeRel */ = {
			isa = PBXBuildStyle;
			buildSettings = {
				COPY_PHASE_STRIP = NO;
			};
			name = MinSizeRel;
		};
		D680C8DD23B24AC4A6F14534 /* Release */ = {
			isa = PBXBuildStyle;
			buildSettings = {
				COPY_PHASE_STRIP = NO;
			};
			name = Release;
		};
		F627460054B54A0A9FDAF889 /* RelWithDebInfo */ = {
			isa = PBXBuildStyle;
			buildSettings = {
				COPY_PHASE_STRIP = NO;
			};
			name = RelWithDebInfo;
		};
/* End PBXBuildStyle section */

/* Begin PBXContainerItemProxy section */
		1B121A614CEF4D95BC1AE2BA /* PBXContainerItemProxy */ = {
			isa = PBXContainerItemProxy;
			containerPortal = 7ADBF37EA48044108F29DCFA /* Project object */;
			proxyType = 1;
			remoteGlobalIDString = 886222E03CC140E8A54C4336;
			remoteInfo = client_performance_test;
		};
		2FBC266B163C4C418BA80F29 /* PBXContainerItemProxy */ = {
			isa = PBXContainerItemProxy;
			containerPortal = 7ADBF37EA48044108F29DCFA /* Project object */;
			proxyType = 1;
			remoteGlobalIDString = 45C75EAE0768494F842A21DA;
			remoteInfo = ZERO_CHECK;
		};
		86E30B99E4204B30BC1B9FA7 /* PBXContainerItemProxy */ = {
			isa = PBXContainerItemProxy;
			containerPortal = 7ADBF37EA48044108F29DCFA /* Project object */;
			proxyType = 1;
			remoteGlobalIDString = 45C75EAE0768494F842A21DA;
			remoteInfo = ZERO_CHECK;
		};
		F064F55348DE4BD19CEE27AF /* PBXContainerItemProxy */ = {
			isa = PBXContainerItemProxy;
			containerPortal = 7ADBF37EA48044108F29DCFA /* Project object */;
			proxyType = 1;
			remoteGlobalIDString = 744B6BC962CD43C694CE0682;
			remoteInfo = ALL_BUILD;
		};
/* End PBXContainerItemProxy section */

/* Begin PBXFileReference section */
		361244D5B37E42FDAEE03AC9 /* client_performance_test */ = {isa = PBXFileReference; explicitFileType = "compiled.mach-o.executable"; path = client_performance_test; sourceTree = BUILT_PRODUCTS_DIR; };
		5A1A533B0E2B4108884794AF /* /Users/franky/documents/github/wyy/test/CMakeLists.txt */ = {isa = PBXFileReference; explicitFileType = sourcecode.text; fileEncoding = 4; name = CMakeLists.txt; path = CMakeLists.txt; sourceTree = SOURCE_ROOT; };
		97F6BD18889842B58B7B52F8 /* /Users/franky/documents/github/wyy/test/client_performance_test.cpp */ = {isa = PBXFileReference; explicitFileType = sourcecode.cpp.cpp; fileEncoding = 4; name = client_performance_test.cpp; path = client_performance_test.cpp; sourceTree = SOURCE_ROOT; };
		E7234EC8456D491398DF344E /* /Users/franky/documents/github/wyy/test/CMakeLists.txt */ = {isa = PBXFileReference; explicitFileType = sourcecode.text; fileEncoding = 4; name = CMakeLists.txt; path = CMakeLists.txt; sourceTree = SOURCE_ROOT; };
/* End PBXFileReference section */

/* Begin PBXFrameworksBuildPhase section */
		A346C76FFA86449A9ABF6065 /* Frameworks */ = {
			isa = PBXFrameworksBuildPhase;
			buildActionMask = 2147483647;
			files = (
			);
			runOnlyForDeploymentPostprocessing = 0;
		};
/* End PBXFrameworksBuildPhase section */

/* Begin PBXGroup section */
		18F353698B4947E2B5F761F3 /* Products */ = {
			isa = PBXGroup;
			children = (
				361244D5B37E42FDAEE03AC9 /* client_performance_test */,
			);
			name = Products;
			sourceTree = "<group>";
		};
		27799C43AF2042F4819E7973 /* client_performance_test */ = {
			isa = PBXGroup;
			children = (
				6836B89364DD4492B7FA0182 /* Source Files */,
				E7234EC8456D491398DF344E /* /Users/franky/documents/github/wyy/test/CMakeLists.txt */,
			);
			name = client_performance_test;
			sourceTree = "<group>";
		};
		30069FFB2F5D4391A9D14AF3 = {
			isa = PBXGroup;
			children = (
				27799C43AF2042F4819E7973 /* client_performance_test */,
				77AF61043EAE41419D811207 /* ALL_BUILD */,
				18F353698B4947E2B5F761F3 /* Products */,
				775A78E8F3B34B74999C2BC2 /* Frameworks */,
			);
			sourceTree = "<group>";
		};
		6836B89364DD4492B7FA0182 /* Source Files */ = {
			isa = PBXGroup;
			children = (
				97F6BD18889842B58B7B52F8 /* /Users/franky/documents/github/wyy/test/client_performance_test.cpp */,
			);
			name = "Source Files";
			sourceTree = "<group>";
		};
		69465A3E3ED24D5593AB7481 /* CMake Rules */ = {
			isa = PBXGroup;
			children = (
			);
			name = "CMake Rules";
			sourceTree = "<group>";
		};
		775A78E8F3B34B74999C2BC2 /* Frameworks */ = {
			isa = PBXGroup;
			children = (
			);
			name = Frameworks;
			sourceTree = "<group>";
		};
		77AF61043EAE41419D811207 /* ALL_BUILD */ = {
			isa = PBXGroup;
			children = (
				69465A3E3ED24D5593AB7481 /* CMake Rules */,
				5A1A533B0E2B4108884794AF /* /Users/franky/documents/github/wyy/test/CMakeLists.txt */,
			);
			name = ALL_BUILD;
			sourceTree = "<group>";
		};
/* End PBXGroup section */

/* Begin PBXNativeTarget section */
		886222E03CC140E8A54C4336 /* client_performance_test */ = {
			isa = PBXNativeTarget;
			buildConfigurationList = 0AA7FAD079F548B5B207C327 /* Build configuration list for PBXNativeTarget "client_performance_test" */;
			buildPhases = (
				0D1DAAAA6256422BA24861FE /* Sources */,
				A346C76FFA86449A9ABF6065 /* Frameworks */,
			);
			buildRules = (
			);
			dependencies = (
				AE9DB468AAEF4F39B1854656 /* PBXTargetDependency */,
			);
			name = client_performance_test;
			productName = client_performance_test;
			productReference = 361244D5B37E42FDAEE03AC9 /* client_performance_test */;
			productType = "com.apple.product-type.tool";
		};
/* End PBXNativeTarget section */

/* Begin PBXProject section */
		7ADBF37EA48044108F29DCFA /* Project object */ = {
			isa = PBXProject;
			attributes = {
				BuildIndependentTargetsInParallel = YES;
				LastUpgradeCheck = 1310;
			};
			buildConfigurationList = 1AAE049B72A7442EB068D01C /* Build configuration list for PBXProject "test" */;
			buildSettings = {
			};
			buildStyles = (
				841A0A098D614E82B6CA6568 /* Debug */,
				D680C8DD23B24AC4A6F14534 /* Release */,
				B590460F140A436BA5C660E2 /* MinSizeRel */,
				F627460054B54A0A9FDAF889 /* RelWithDebInfo */,
			);
			compatibilityVersion = "Xcode 3.2";
			hasScannedForEncodings = 0;
			mainGroup = 30069FFB2F5D4391A9D14AF3;
			projectDirPath = .;
			projectRoot = "";
			targets = (
				744B6BC962CD43C694CE0682 /* ALL_BUILD */,
				45C75EAE0768494F842A21DA /* ZERO_CHECK */,
				886222E03CC140E8A54C4336 /* client_performance_test */,
				87CAD5BEA2094FA1AEC2F95F /* install */,
			);
		};
/* End PBXProject section */

/* Begin PBXShellScriptBuildPhase section */
		1224E40168D3A13CC027E900 /* Generate CMakeFiles/ZERO_CHECK */ = {
			isa = PBXShellScriptBuildPhase;
			alwaysOutOfDate = 1;
			buildActionMask = 2147483647;
			files = (
			);
			inputPaths = (
			);
			name = "Generate CMakeFiles/ZERO_CHECK";
			outputPaths = (
/Users/franky/documents/github/wyy/test/CMakeFiles/ZERO_CHECK			);
			runOnlyForDeploymentPostprocessing = 0;
			shellPath = /bin/sh;
			shellScript = "set -e
if test \"$CONFIGURATION\" = \"Debug\"; then :
  cd /Users/franky/documents/github/wyy/test
  make -f /Users/franky/documents/github/wyy/test/CMakeScripts/ReRunCMake.make
fi
if test \"$CONFIGURATION\" = \"Release\"; then :
  cd /Users/franky/documents/github/wyy/test
  make -f /Users/franky/documents/github/wyy/test/CMakeScripts/ReRunCMake.make
fi
if test \"$CONFIGURATION\" = \"MinSizeRel\"; then :
  cd /Users/franky/documents/github/wyy/test
  make -f /Users/franky/documents/github/wyy/test/CMakeScripts/ReRunCMake.make
fi
if test \"$CONFIGURATION\" = \"RelWithDebInfo\"; then :
  cd /Users/franky/documents/github/wyy/test
  make -f /Users/franky/documents/github/wyy/test/CMakeScripts/ReRunCMake.make
fi
";
			showEnvVarsInLog = 0;
		};
		3C0110FC8322DE7E50886E21 = {
			isa = PBXShellScriptBuildPhase;
			buildActionMask = 2147483647;
			files = (
			);
			inputPaths = (
			);
			outputPaths = (
			);
			runOnlyForDeploymentPostprocessing = 0;
			shellPath = /bin/sh;
			shellScript = "# shell script goes here
exit 0";
			showEnvVarsInLog = 0;
		};
		8526ED03D42A1AA616CDA595 /* Generate CMakeFiles/ALL_BUILD */ = {
			isa = PBXShellScriptBuildPhase;
			alwaysOutOfDate = 1;
			buildActionMask = 2147483647;
			files = (
			);
			inputPaths = (
			);
			name = "Generate CMakeFiles/ALL_BUILD";
			outputPaths = (
/Users/franky/documents/github/wyy/test/CMakeFiles/ALL_BUILD			);
			runOnlyForDeploymentPostprocessing = 0;
			shellPath = /bin/sh;
			shellScript = "set -e
if test \"$CONFIGURATION\" = \"Debug\"; then :
  cd /Users/franky/documents/github/wyy/test
  echo Build\\ all\\ projects
fi
if test \"$CONFIGURATION\" = \"Release\"; then :
  cd /Users/franky/documents/github/wyy/test
  echo Build\\ all\\ projects
fi
if test \"$CONFIGURATION\" = \"MinSizeRel\"; then :
  cd /Users/franky/documents/github/wyy/test
  echo Build\\ all\\ projects
fi
if test \"$CONFIGURATION\" = \"RelWithDebInfo\"; then :
  cd /Users/franky/documents/github/wyy/test
  echo Build\\ all\\ projects
fi
";
			showEnvVarsInLog = 0;
		};
		87AF4882E018677E2624B544 = {
			isa = PBXShellScriptBuildPhase;
			buildActionMask = 2147483647;
			files = (
			);
			inputPaths = (
			);
			outputPaths = (
			);
			runOnlyForDeploymentPostprocessing = 0;
			shellPath = /bin/sh;
			shellScript = "# shell script goes here
exit 0";
			showEnvVarsInLog = 0;
		};
		93426DA6A4AC2C2AC9CE883C /* CMake PostBuild Rules */ = {
			isa = PBXShellScriptBuildPhase;
			alwaysOutOfDate = 1;
			buildActionMask = 2147483647;
			files = (
			);
			name = "CMake PostBuild Rules";
			outputPaths = (
			);
			runOnlyForDeploymentPostprocessing = 0;
			shellPath = /bin/sh;
			shellScript = "set -e
if test \"$CONFIGURATION\" = \"Debug\"; then :
  cd /Users/franky/documents/github/wyy/test
  /Applications/CMake.app/Contents/bin/cmake -DBUILD_TYPE=$CONFIGURATION$EFFECTIVE_PLATFORM_NAME -P cmake_install.cmake
fi
if test \"$CONFIGURATION\" = \"Release\"; then :
  cd /Users/franky/documents/github/wyy/test
  /Applications/CMake.app/Contents/bin/cmake -DBUILD_TYPE=$CONFIGURATION$EFFECTIVE_PLATFORM_NAME -P cmake_install.cmake
fi
if test \"$CONFIGURATION\" = \"MinSizeRel\"; then :
  cd /Users/franky/documents/github/wyy/test
  /Applications/CMake.app/Contents/bin/cmake -DBUILD_TYPE=$CONFIGURATION$EFFECTIVE_PLATFORM_NAME -P cmake_install.cmake
fi
if test \"$CONFIGURATION\" = \"RelWithDebInfo\"; then :
  cd /Users/franky/documents/github/wyy/test
  /Applications/CMake.app/Contents/bin/cmake -DBUILD_TYPE=$CONFIGURATION$EFFECTIVE_PLATFORM_NAME -P cmake_install.cmake
fi
";
			showEnvVarsInLog = 0;
		};
		9B50530E35CC49C82C2FACCF = {
			isa = PBXShellScriptBuildPhase;
			buildActionMask = 2147483647;
			files = (
			);
			inputPaths = (
			);
			outputPaths = (
			);
			runOnlyForDeploymentPostprocessing = 0;
			shellPath = /bin/sh;
			shellScript = "# shell script goes here
exit 0";
			showEnvVarsInLog = 0;
		};
/* End PBXShellScriptBuildPhase section */

/* Begin PBXSourcesBuildPhase section */
		0D1DAAAA6256422BA24861FE /* Sources */ = {
			isa = PBXSourcesBuildPhase;
			buildActionMask = 2147483647;
			files = (
				6C3379A114D14B9F8723AF18 /* /Users/franky/documents/github/wyy/test/client_performance_test.cpp */,
			);
			runOnlyForDeploymentPostprocessing = 0;
		};
/* End PBXSourcesBuildPhase section */

/* Begin PBXTargetDependency section */
		6154CC5D78AA434392AE6F99 /* PBXTargetDependency */ = {
			isa = PBXTargetDependency;
			target = 744B6BC962CD43C694CE0682 /* ALL_BUILD */;
			targetProxy = F064F55348DE4BD19CEE27AF /* PBXContainerItemProxy */;
		};
		8212D20C5F9B42FBB2FF2C7C /* PBXTargetDependency */ = {
			isa = PBXTargetDependency;
			target = 45C75EAE0768494F842A21DA /* ZERO_CHECK */;
			targetProxy = 2FBC266B163C4C418BA80F29 /* PBXContainerItemProxy */;
		};
		AB0F4BEB9E8347FD9059A74C /* PBXTargetDependency */ = {
			isa = PBXTargetDependency;
			target = 886222E03CC140E8A54C4336 /* client_performance_test */;
			targetProxy = 1B121A614CEF4D95BC1AE2BA /* PBXContainerItemProxy */;
		};
		AE9DB468AAEF4F39B1854656 /* PBXTargetDependency */ = {
			isa = PBXTargetDependency;
			target = 45C75EAE0768494F842A21DA /* ZERO_CHECK */;
			targetProxy = 86E30B99E4204B30BC1B9FA7 /* PBXContainerItemProxy */;
		};
/* End PBXTargetDependency section */

/* Begin XCBuildConfiguration section */
		1183EB932FE84B3388472446 /* Debug */ = {
			isa = XCBuildConfiguration;
			buildSettings = {
				COMBINE_HIDPI_IMAGES = YES;
				GCC_GENERATE_DEBUGGING_SYMBOLS = YES;
				GCC_INLINES_ARE_PRIVATE_EXTERN = NO;
				GCC_OPTIMIZATION_LEVEL = 0;
				GCC_PREPROCESSOR_DEFINITIONS = ("'CMAKE_INTDIR=\"$(CONFIGURATION)$(EFFECTIVE_PLATFORM_NAME)\"'","$(inherited)");
				GCC_SYMBOLS_PRIVATE_EXTERN = NO;
				INSTALL_PATH = "";
				OTHER_LDFLAGS = ("","$(inherited)");
				OTHER_REZFLAGS = "";
				PRODUCT_NAME = ZERO_CHECK;
				SECTORDER_FLAGS = "";
				SYMROOT = /Users/franky/documents/github/wyy/test;
				USE_HEADERMAP = NO;
				WARNING_CFLAGS = ("$(inherited)");
			};
			name = Debug;
		};
		1356F9B00A3442D4BEC6BF09 /* Debug */ = {
			isa = XCBuildConfiguration;
			buildSettings = {
				COMBINE_HIDPI_IMAGES = YES;
				GCC_GENERATE_DEBUGGING_SYMBOLS = YES;
				GCC_INLINES_ARE_PRIVATE_EXTERN = NO;
				GCC_OPTIMIZATION_LEVEL = 0;
				GCC_PREPROCESSOR_DEFINITIONS = ("'CMAKE_INTDIR=\"$(CONFIGURATION)$(EFFECTIVE_PLATFORM_NAME)\"'","$(inherited)");
				GCC_SYMBOLS_PRIVATE_EXTERN = NO;
				INSTALL_PATH = "";
				OTHER_LDFLAGS = ("","$(inherited)");
				OTHER_REZFLAGS = "";
				PRODUCT_NAME = install;
				SECTORDER_FLAGS = "";
				SYMROOT = /Users/franky/documents/github/wyy/test;
				USE_HEADERMAP = NO;
				WARNING_CFLAGS = ("$(inherited)");
			};
			name = Debug;
		};
		19E231A10DF44B3BB20E4751 /* MinSizeRel */ = {
			isa = XCBuildConfiguration;
			buildSettings = {
				COMBINE_HIDPI_IMAGES = YES;
				GCC_GENERATE_DEBUGGING_SYMBOLS = YES;
				GCC_INLINES_ARE_PRIVATE_EXTERN = NO;
				GCC_OPTIMIZATION_LEVEL = 0;
				GCC_PREPROCESSOR_DEFINITIONS = ("'CMAKE_INTDIR=\"$(CONFIGURATION)$(EFFECTIVE_PLATFORM_NAME)\"'","$(inherited)");
				GCC_SYMBOLS_PRIVATE_EXTERN = NO;
				INSTALL_PATH = "";
				OTHER_LDFLAGS = ("","$(inherited)");
				OTHER_REZFLAGS = "";
				PRODUCT_NAME = ALL_BUILD;
				SECTORDER_FLAGS = "";
				SYMROOT = /Users/franky/documents/github/wyy/test;
				USE_HEADERMAP = NO;
				WARNING_CFLAGS = ("$(inherited)");
			};
			name = MinSizeRel;
		};
		2CB66C2883DB451AA74AD2C4 /* Release */ = {
			isa = XCBuildConfiguration;
			buildSettings = {
				COMBINE_HIDPI_IMAGES = YES;
				CONFIGURATION_BUILD_DIR = /Users/franky/documents/github/wyy/bin/Release;
				EXECUTABLE_PREFIX = "";
				EXECUTABLE_SUFFIX = "";
				GCC_GENERATE_DEBUGGING_SYMBOLS = YES;
				GCC_INLINES_ARE_PRIVATE_EXTERN = NO;
				GCC_OPTIMIZATION_LEVEL = 3;
				GCC_PREPROCESSOR_DEFINITIONS = ("'CMAKE_INTDIR=\"$(CONFIGURATION)$(EFFECTIVE_PLATFORM_NAME)\"'",__MACH__,"$(inherited)");
				GCC_SYMBOLS_PRIVATE_EXTERN = NO;
				HEADER_SEARCH_PATHS = (/Users/franky/documents/github/wyy/test/.,/Users/franky/documents/github/wyy/test/../deps,/usr/local/include,"$(inherited)");
				INSTALL_PATH = "";
				LD_RUNPATH_SEARCH_PATHS = ("/usr/local/lib /Users/franky/documents/github/wyy/test/../lib /Users/franky/documents/github/wyy/lib/Release","$(inherited)");
				LIBRARY_SEARCH_PATHS = ("/usr/local/lib/$(CONFIGURATION)$(EFFECTIVE_PLATFORM_NAME)",/usr/local/lib,"/Users/franky/documents/github/wyy/test/../lib/$(CONFIGURATION)$(EFFECTIVE_PLATFORM_NAME)",/Users/franky/documents/github/wyy/test/../lib,"$(inherited)");
				OTHER_CPLUSPLUSFLAGS = " -Wall -DCMAKE_EXPORT_COMPILE_COMMANDS=1              -DNDEBUG '-std=gnu++14' ";
				OTHER_LDFLAGS = (" -Wl,-search_paths_first -Wl,-headerpad_max_install_names","-lpthread","-ldl",/Users/franky/documents/github/wyy/lib/Release/libobserver.a,/Users/franky/documents/github/wyy/lib/Release/libcommon.1.0.0.dylib,"-lpthread","-ldl","-levent","-ljsoncpp","$(inherited)");
				OTHER_REZFLAGS = "";
				PRODUCT_NAME = client_performance_test;
				SECTORDER_FLAGS = "";
				SYMROOT = /Users/franky/documents/github/wyy/test;
				USE_HEADERMAP = NO;
				WARNING_CFLAGS = ("$(inherited)");
			};
			name = Release;
		};
		39E11CDC67C64FC5ADBD9845 /* MinSizeRel */ = {
			isa = XCBuildConfiguration;
			buildSettings = {
				COMBINE_HIDPI_IMAGES = YES;
				CONFIGURATION_BUILD_DIR = /Users/franky/documents/github/wyy/bin/MinSizeRel;
				EXECUTABLE_PREFIX = "";
				EXECUTABLE_SUFFIX = "";
				GCC_GENERATE_DEBUGGING_SYMBOLS = YES;
				GCC_INLINES_ARE_PRIVATE_EXTERN = NO;
				GCC_OPTIMIZATION_LEVEL = s;
				GCC_PREPROCESSOR_DEFINITIONS = ("'CMAKE_INTDIR=\"$(CONFIGURATION)$(EFFECTIVE_PLATFORM_NAME)\"'",__MACH__,"$(inherited)");
				GCC_SYMBOLS_PRIVATE_EXTERN = NO;
				HEADER_SEARCH_PATHS = (/Users/franky/documents/github/wyy/test/.,/Users/franky/documents/github/wyy/test/../deps,/usr/local/include,"$(inherited)");
				INSTALL_PATH = "";
				LD_RUNPATH_SEARCH_PATHS = ("/usr/local/lib /Users/franky/documents/github/wyy/test/../lib /Users/franky/documents/github/wyy/lib/MinSizeRel","$(inherited)");
				LIBRARY_SEARCH_PATHS = ("/usr/local/lib/$(CONFIGURATION)$(EFFECTIVE_PLATFORM_NAME)",/usr/local/lib,"/Users/franky/documents/github/wyy/test/../lib/$(CONFIGURATION)$(EFFECTIVE_PLATFORM_NAME)",/Users/franky/documents/github/wyy/test/../lib,"$(inherited)");
				OTHER_CPLUSPLUSFLAGS = " -Wall -DCMAKE_EXPORT_COMPILE_COMMANDS=1              -DNDEBUG '-std=gnu++14' ";
				OTHER_LDFLAGS = (" -Wl,-search_paths_first -Wl,-headerpad_max_install_names","-lpthread","-ldl",/Users/franky/documents/github/wyy/lib/MinSizeRel/libobserver.a,/Users/franky/documents/github/wyy/lib/MinSizeRel/libcommon.1.0.0.dylib,"-lpthread","-ldl","-levent","-ljsoncpp","$(inherited)");
				OTHER_REZFLAGS = "";
				PRODUCT_NAME = client_performance_test;
				SECTORDER_FLAGS = "";
				SYMROOT = /Users/franky/documents/github/wyy/test;
				USE_HEADERMAP = NO;
				WARNING_CFLAGS = ("$(inherited)");
			};
			name = MinSizeRel;
		};
		3AE52A72DC754CB684F77604 /* Debug */ = {
			isa = XCBuildConfiguration;
			buildSettings = {
				ARCHS = "$(NATIVE_ARCH_ACTUAL)";
				MACOSX_DEPLOYMENT_TARGET = 11.6;
				ONLY_ACTIVE_ARCH = YES;
				SDKROOT = /Applications/Xcode.app/Contents/Developer/Platforms/MacOSX.platform/Developer/SDKs/MacOSX12.0.sdk;
				SYMROOT = /Users/franky/documents/github/wyy/test/build;
			};
			name = Debug;
		};
		46FD512B3B1D40C39BF49699 /* Release */ = {
			isa = XCBuildConfiguration;
			buildSettings = {
				COMBINE_HIDPI_IMAGES = YES;
				GCC_GENERATE_DEBUGGING_SYMBOLS = YES;
				GCC_INLINES_ARE_PRIVATE_EXTERN = NO;
				GCC_OPTIMIZATION_LEVEL = 0;
				GCC_PREPROCESSOR_DEFINITIONS = ("'CMAKE_INTDIR=\"$(CONFIGURATION)$(EFFECTIVE_PLATFORM_NAME)\"'","$(inherited)");
				GCC_SYMBOLS_PRIVATE_EXTERN = NO;
				INSTALL_PATH = "";
				OTHER_LDFLAGS = ("","$(inherited)");
				OTHER_REZFLAGS = "";
				PRODUCT_NAME = install;
				SECTORDER_FLAGS = "";
				SYMROOT = /Users/franky/documents/github/wyy/test;
				USE_HEADERMAP = NO;
				WARNING_CFLAGS = ("$(inherited)");
			};
			name = Release;
		};
		4B9F61B64286495299D4C10A /* RelWithDebInfo */ = {
			isa = XCBuildConfiguration;
			buildSettings = {
				COMBINE_HIDPI_IMAGES = YES;
				GCC_GENERATE_DEBUGGING_SYMBOLS = YES;
				GCC_INLINES_ARE_PRIVATE_EXTERN = NO;
				GCC_OPTIMIZATION_LEVEL = 0;
				GCC_PREPROCESSOR_DEFINITIONS = ("'CMAKE_INTDIR=\"$(CONFIGURATION)$(EFFECTIVE_PLATFORM_NAME)\"'","$(inherited)");
				GCC_SYMBOLS_PRIVATE_EXTERN = NO;
				INSTALL_PATH = "";
				OTHER_LDFLAGS = ("","$(inherited)");
				OTHER_REZFLAGS = "";
				PRODUCT_NAME = ZERO_CHECK;
				SECTORDER_FLAGS = "";
				SYMROOT = /Users/franky/documents/github/wyy/test;
				USE_HEADERMAP = NO;
				WARNING_CFLAGS = ("$(inherited)");
			};
			name = RelWithDebInfo;
		};
		5EBDAACE9FC048C58ABCE3DA /* Release */ = {
			isa = XCBuildConfiguration;
			buildSettings = {
				COMBINE_HIDPI_IMAGES = YES;
				GCC_GENERATE_DEBUGGING_SYMBOLS = YES;
				GCC_INLINES_ARE_PRIVATE_EXTERN = NO;
				GCC_OPTIMIZATION_LEVEL = 0;
				GCC_PREPROCESSOR_DEFINITIONS = ("'CMAKE_INTDIR=\"$(CONFIGURATION)$(EFFECTIVE_PLATFORM_NAME)\"'","$(inherited)");
				GCC_SYMBOLS_PRIVATE_EXTERN = NO;
				INSTALL_PATH = "";
				OTHER_LDFLAGS = ("","$(inherited)");
				OTHER_REZFLAGS = "";
				PRODUCT_NAME = ALL_BUILD;
				SECTORDER_FLAGS = "";
				SYMROOT = /Users/franky/documents/github/wyy/test;
				USE_HEADERMAP = NO;
				WARNING_CFLAGS = ("$(inherited)");
			};
			name = Release;
		};
		82A308F3991F45158EA4EAAB /* MinSizeRel */ = {
			isa = XCBuildConfiguration;
			buildSettings = {
				ARCHS = "$(NATIVE_ARCH_ACTUAL)";
				MACOSX_DEPLOYMENT_TARGET = 11.6;
				ONLY_ACTIVE_ARCH = YES;
				SDKROOT = /Applications/Xcode.app/Contents/Developer/Platforms/MacOSX.platform/Developer/SDKs/MacOSX12.0.sdk;
				SYMROOT = /Users/franky/documents/github/wyy/test/build;
			};
			name = MinSizeRel;
		};
		84268399FC5A410DB3E7CE9C /* RelWithDebInfo */ = {
			isa = XCBuildConfiguration;
			buildSettings = {
				COMBINE_HIDPI_IMAGES = YES;
				CONFIGURATION_BUILD_DIR = /Users/franky/documents/github/wyy/bin/RelWithDebInfo;
				EXECUTABLE_PREFIX = "";
				EXECUTABLE_SUFFIX = "";
				GCC_GENERATE_DEBUGGING_SYMBOLS = YES;
				GCC_INLINES_ARE_PRIVATE_EXTERN = NO;
				GCC_OPTIMIZATION_LEVEL = 2;
				GCC_PREPROCESSOR_DEFINITIONS = ("'CMAKE_INTDIR=\"$(CONFIGURATION)$(EFFECTIVE_PLATFORM_NAME)\"'",__MACH__,"$(inherited)");
				GCC_SYMBOLS_PRIVATE_EXTERN = NO;
				HEADER_SEARCH_PATHS = (/Users/franky/documents/github/wyy/test/.,/Users/franky/documents/github/wyy/test/../deps,/usr/local/include,"$(inherited)");
				INSTALL_PATH = "";
				LD_RUNPATH_SEARCH_PATHS = ("/usr/local/lib /Users/franky/documents/github/wyy/test/../lib /Users/franky/documents/github/wyy/lib/RelWithDebInfo","$(inherited)");
				LIBRARY_SEARCH_PATHS = ("/usr/local/lib/$(CONFIGURATION)$(EFFECTIVE_PLATFORM_NAME)",/usr/local/lib,"/Users/franky/documents/github/wyy/test/../lib/$(CONFIGURATION)$(EFFECTIVE_PLATFORM_NAME)",/Users/franky/documents/github/wyy/test/../lib,"$(inherited)");
				OTHER_CPLUSPLUSFLAGS = " -Wall -DCMAKE_EXPORT_COMPILE_COMMANDS=1                 -DNDEBUG '-std=gnu++14' ";
				OTHER_LDFLAGS = (" -Wl,-search_paths_first -Wl,-headerpad_max_install_names","-lpthread","-ldl",/Users/franky/documents/github/wyy/lib/RelWithDebInfo/libobserver.a,/Users/franky/documents/github/wyy/lib/RelWithDebInfo/libcommon.1.0.0.dylib,"-lpthread","-ldl","-levent","-ljsoncpp","$(inherited)");
				OTHER_REZFLAGS = "";
				PRODUCT_NAME = client_performance_test;
				SECTORDER_FLAGS = "";
				SYMROOT = /Users/franky/documents/github/wyy/test;
				USE_HEADERMAP = NO;
				WARNING_CFLAGS = ("$(inherited)");
			};
			name = RelWithDebInfo;
		};
		8846194F4F004B889B0C7FF6 /* Debug */ = {
			isa = XCBuildConfiguration;
			buildSettings = {
				COMBINE_HIDPI_IMAGES = YES;
				GCC_GENERATE_DEBUGGING_SYMBOLS = YES;
				GCC_INLINES_ARE_PRIVATE_EXTERN = NO;
				GCC_OPTIMIZATION_LEVEL = 0;
				GCC_PREPROCESSOR_DEFINITIONS = ("'CMAKE_INTDIR=\"$(CONFIGURATION)$(EFFECTIVE_PLATFORM_NAME)\"'","$(inherited)");
				GCC_SYMBOLS_PRIVATE_EXTERN = NO;
				INSTALL_PATH = "";
				OTHER_LDFLAGS = ("","$(inherited)");
				OTHER_REZFLAGS = "";
				PRODUCT_NAME = ALL_BUILD;
				SECTORDER_FLAGS = "";
				SYMROOT = /Users/franky/documents/github/wyy/test;
				USE_HEADERMAP = NO;
				WARNING_CFLAGS = ("$(inherited)");
			};
			name = Debug;
		};
		8997EB64C4134EDAB5C483E2 /* RelWithDebInfo */ = {
			isa = XCBuildConfiguration;
			buildSettings = {
				COMBINE_HIDPI_IMAGES = YES;
				GCC_GENERATE_DEBUGGING_SYMBOLS = YES;
				GCC_INLINES_ARE_PRIVATE_EXTERN = NO;
				GCC_OPTIMIZATION_LEVEL = 0;
				GCC_PREPROCESSOR_DEFINITIONS = ("'CMAKE_INTDIR=\"$(CONFIGURATION)$(EFFECTIVE_PLATFORM_NAME)\"'","$(inherited)");
				GCC_SYMBOLS_PRIVATE_EXTERN = NO;
				INSTALL_PATH = "";
				OTHER_LDFLAGS = ("","$(inherited)");
				OTHER_REZFLAGS = "";
				PRODUCT_NAME = install;
				SECTORDER_FLAGS = "";
				SYMROOT = /Users/franky/documents/github/wyy/test;
				USE_HEADERMAP = NO;
				WARNING_CFLAGS = ("$(inherited)");
			};
			name = RelWithDebInfo;
		};
		9BEC621E061A4075AC3BF130 /* MinSizeRel */ = {
			isa = XCBuildConfiguration;
			buildSettings = {
				COMBINE_HIDPI_IMAGES = YES;
				GCC_GENERATE_DEBUGGING_SYMBOLS = YES;
				GCC_INLINES_ARE_PRIVATE_EXTERN = NO;
				GCC_OPTIMIZATION_LEVEL = 0;
				GCC_PREPROCESSOR_DEFINITIONS = ("'CMAKE_INTDIR=\"$(CONFIGURATION)$(EFFECTIVE_PLATFORM_NAME)\"'","$(inherited)");
				GCC_SYMBOLS_PRIVATE_EXTERN = NO;
				INSTALL_PATH = "";
				OTHER_LDFLAGS = ("","$(inherited)");
				OTHER_REZFLAGS = "";
				PRODUCT_NAME = install;
				SECTORDER_FLAGS = "";
				SYMROOT = /Users/franky/documents/github/wyy/test;
				USE_HEADERMAP = NO;
				WARNING_CFLAGS = ("$(inherited)");
			};
			name = MinSizeRel;
		};
		A75A9EE96F52428CB6F20158 /* RelWithDebInfo */ = {
			isa = XCBuildConfiguration;
			buildSettings = {
				ARCHS = "$(NATIVE_ARCH_ACTUAL)";
				MACOSX_DEPLOYMENT_TARGET = 11.6;
				ONLY_ACTIVE_ARCH = YES;
				SDKROOT = /Applications/Xcode.app/Contents/Developer/Platforms/MacOSX.platform/Developer/SDKs/MacOSX12.0.sdk;
				SYMROOT = /Users/franky/documents/github/wyy/test/build;
			};
			name = RelWithDebInfo;
		};
		BEEC28B64C184D0AA9F629DD /* Debug */ = {
			isa = XCBuildConfiguration;
			buildSettings = {
				COMBINE_HIDPI_IMAGES = YES;
				CONFIGURATION_BUILD_DIR = /Users/franky/documents/github/wyy/bin/Debug;
				EXECUTABLE_PREFIX = "";
				EXECUTABLE_SUFFIX = "";
				GCC_GENERATE_DEBUGGING_SYMBOLS = YES;
				GCC_INLINES_ARE_PRIVATE_EXTERN = NO;
				GCC_OPTIMIZATION_LEVEL = 2;
				GCC_PREPROCESSOR_DEFINITIONS = ("'CMAKE_INTDIR=\"$(CONFIGURATION)$(EFFECTIVE_PLATFORM_NAME)\"'",__MACH__,"$(inherited)");
				GCC_SYMBOLS_PRIVATE_EXTERN = NO;
				HEADER_SEARCH_PATHS = (/Users/franky/documents/github/wyy/test/.,/Users/franky/documents/github/wyy/test/../deps,/usr/local/include,"$(inherited)");
				INSTALL_PATH = "";
				LD_RUNPATH_SEARCH_PATHS = ("/usr/local/lib /Users/franky/documents/github/wyy/test/../lib /Users/franky/documents/github/wyy/lib/Debug","$(inherited)");
				LIBRARY_SEARCH_PATHS = ("/usr/local/lib/$(CONFIGURATION)$(EFFECTIVE_PLATFORM_NAME)",/usr/local/lib,"/Users/franky/documents/github/wyy/test/../lib/$(CONFIGURATION)$(EFFECTIVE_PLATFORM_NAME)",/Users/franky/documents/github/wyy/test/../lib,"$(inherited)");
				OTHER_CPLUSPLUSFLAGS = " -Wall -DCMAKE_EXPORT_COMPILE_COMMANDS=1             '-std=gnu++14' ";
				OTHER_LDFLAGS = (" -Wl,-search_paths_first -Wl,-headerpad_max_install_names","-lpthread","-ldl",/Users/franky/documents/github/wyy/lib/Debug/libobserver.a,/Users/franky/documents/github/wyy/lib/Debug/libcommon.1.0.0.dylib,"-lpthread","-ldl","-levent","-ljsoncpp","$(inherited)");
				OTHER_REZFLAGS = "";
				PRODUCT_NAME = client_performance_test;
				SECTORDER_FLAGS = "";
				SYMROOT = /Users/franky/documents/github/wyy/test;
				USE_HEADERMAP = NO;
				WARNING_CFLAGS = ("$(inherited)");
			};
			name = Debug;
		};
		E14B817FFD9D4D48BD8ECA01 /* Release */ = {
			isa = XCBuildConfiguration;
			buildSettings = {
				ARCHS = "$(NATIVE_ARCH_ACTUAL)";
				MACOSX_DEPLOYMENT_TARGET = 11.6;
				ONLY_ACTIVE_ARCH = YES;
				SDKROOT = /Applications/Xcode.app/Contents/Developer/Platforms/MacOSX.platform/Developer/SDKs/MacOSX12.0.sdk;
				SYMROOT = /Users/franky/documents/github/wyy/test/build;
			};
			name = Release;
		};
		EC9695BA6F814A798E003D37 /* RelWithDebInfo */ = {
			isa = XCBuildConfiguration;
			buildSettings = {
				COMBINE_HIDPI_IMAGES = YES;
				GCC_GENERATE_DEBUGGING_SYMBOLS = YES;
				GCC_INLINES_ARE_PRIVATE_EXTERN = NO;
				GCC_OPTIMIZATION_LEVEL = 0;
				GCC_PREPROCESSOR_DEFINITIONS = ("'CMAKE_INTDIR=\"$(CONFIGURATION)$(EFFECTIVE_PLATFORM_NAME)\"'","$(inherited)");
				GCC_SYMBOLS_PRIVATE_EXTERN = NO;
				INSTALL_PATH = "";
				OTHER_LDFLAGS = ("","$(inherited)");
				OTHER_REZFLAGS = "";
				PRODUCT_NAME = ALL_BUILD;
				SECTORDER_FLAGS = "";
				SYMROOT = /Users/franky/documents/github/wyy/test;
				USE_HEADERMAP = NO;
				WARNING_CFLAGS = ("$(inherited)");
			};
			name = RelWithDebInfo;
		};
		EEA528969A82401F94D59938 /* MinSizeRel */ = {
			isa = XCBuildConfiguration;
			buildSettings = {
				COMBINE_HIDPI_IMAGES = YES;
				GCC_GENERATE_DEBUGGING_SYMBOLS = YES;
				GCC_INLINES_ARE_PRIVATE_EXTERN = NO;
				GCC_OPTIMIZATION_LEVEL = 0;
				GCC_PREPROCESSOR_DEFINITIONS = ("'CMAKE_INTDIR=\"$(CONFIGURATION)$(EFFECTIVE_PLATFORM_NAME)\"'","$(inherited)");
				GCC_SYMBOLS_PRIVATE_EXTERN = NO;
				INSTALL_PATH = "";
				OTHER_LDFLAGS = ("","$(inherited)");
				OTHER_REZFLAGS = "";
				PRODUCT_NAME = ZERO_CHECK;
				SECTORDER_FLAGS = "";
				SYMROOT = /Users/franky/documents/github/wyy/test;
				USE_HEADERMAP = NO;
				WARNING_CFLAGS = ("$(inherited)");
			};
			name = MinSizeRel;
		};
		F44B50CD437F491492ACF520 /* Release */ = {
			isa = XCBuildConfiguration;
			buildSettings = {
				COMBINE_HIDPI_IMAGES = YES;
				GCC_GENERATE_DEBUGGING_SYMBOLS = YES;
				GCC_INLINES_ARE_PRIVATE_EXTERN = NO;
				GCC_OPTIMIZATION_LEVEL = 0;
				GCC_PREPROCESSOR_DEFINITIONS = ("'CMAKE_INTDIR=\"$(CONFIGURATION)$(EFFECTIVE_PLATFORM_NAME)\"'","$(inherited)");
				GCC_SYMBOLS_PRIVATE_EXTERN = NO;
				INSTALL_PATH = "";
				OTHER_LDFLAGS = ("","$(inherited)");
				OTHER_REZFLAGS = "";
				PRODUCT_NAME = ZERO_CHECK;
				SECTORDER_FLAGS = "";
				SYMROOT = /Users/franky/documents/github/wyy/test;
				USE_HEADERMAP = NO;
				WARNING_CFLAGS = ("$(inherited)");
			};
			name = Release;
		};
/* End XCBuildConfiguration section */

/* Begin XCConfigurationList section */
		0A458E48727748C8ABCDC406 /* Build configuration list for PBXAggregateTarget "ZERO_CHECK" */ = {
			isa = XCConfigurationList;
			buildConfigurations = (
				1183EB932FE84B3388472446 /* Debug */,
				F44B50CD437F491492ACF520 /* Release */,
				EEA528969A82401F94D59938 /* MinSizeRel */,
				4B9F61B64286495299D4C10A /* RelWithDebInfo */,
			);
			defaultConfigurationIsVisible = 0;
			defaultConfigurationName = Debug;
		};
		0AA7FAD079F548B5B207C327 /* Build configuration list for PBXNativeTarget "client_performance_test" */ = {
			isa = XCConfigurationList;
			buildConfigurations = (
				BEEC28B64C184D0AA9F629DD /* Debug */,
				2CB66C2883DB451AA74AD2C4 /* Release */,
				39E11CDC67C64FC5ADBD9845 /* MinSizeRel */,
				84268399FC5A410DB3E7CE9C /* RelWithDebInfo */,
			);
			defaultConfigurationIsVisible = 0;
			defaultConfigurationName = Debug;
		};
		1AAE049B72A7442EB068D01C /* Build configuration list for PBXProject "test" */ = {
			isa = XCConfigurationList;
			buildConfigurations = (
				3AE52A72DC754CB684F77604 /* Debug */,
				E14B817FFD9D4D48BD8ECA01 /* Release */,
				82A308F3991F45158EA4EAAB /* MinSizeRel */,
				A75A9EE96F52428CB6F20158 /* RelWithDebInfo */,
			);
			defaultConfigurationIsVisible = 0;
			defaultConfigurationName = Debug;
		};
		4D26B40DAEC047BD8B260A24 /* Build configuration list for PBXAggregateTarget "install" */ = {
			isa = XCConfigurationList;
			buildConfigurations = (
				1356F9B00A3442D4BEC6BF09 /* Debug */,
				46FD512B3B1D40C39BF49699 /* Release */,
				9BEC621E061A4075AC3BF130 /* MinSizeRel */,
				8997EB64C4134EDAB5C483E2 /* RelWithDebInfo */,
			);
			defaultConfigurationIsVisible = 0;
			defaultConfigurationName = Debug;
		};
		E1F15F8086B24414814F1930 /* Build configuration list for PBXAggregateTarget "ALL_BUILD" */ = {
			isa = XCConfigurationList;
			buildConfigurations = (
				8846194F4F004B889B0C7FF6 /* Debug */,
				5EBDAACE9FC048C58ABCE3DA /* Release */,
				19E231A10DF44B3BB20E4751 /* MinSizeRel */,
				EC9695BA6F814A798E003D37 /* RelWithDebInfo */,
			);
			defaultConfigurationIsVisible = 0;
			defaultConfigurationName = Debug;
		};
/* End XCConfigurationList section */
	};
	rootObject = 7ADBF37EA48044108F29DCFA /* Project object */;
}
